
Microsoft Visual Studio Solution File, Format Version 12.00
# Visual Studio Version 17
VisualStudioVersion = 17.7.34009.444
MinimumVisualStudioVersion = 10.0.40219.1
Project("{FAE04EC0-301F-11D3-BF4B-00C04F79EFBC}") = "LeagueWiki", "LeagueWiki\LeagueWiki.csproj", "{90F19FCF-015D-4A6B-B928-D0C477604D77}"
EndProject
Global
	GlobalSection(SolutionConfigurationPlatforms) = preSolution
		Debug|Any CPU = Debug|Any CPU
		Release|Any CPU = Release|Any CPU
	EndGlobalSection
	GlobalSection(ProjectConfigurationPlatforms) = postSolution
		{90F19FCF-015D-4A6B-B928-D0C477604D77}.Debug|Any CPU.ActiveCfg = Debug|Any CPU
		{90F19FCF-015D-4A6B-B928-D0C477604D77}.Debug|Any CPU.Build.0 = Debug|Any CPU
		{90F19FCF-015D-4A6B-B928-D0C477604D77}.Release|Any CPU.ActiveCfg = Release|Any CPU
		{90F19FCF-015D-4A6B-B928-D0C477604D77}.Release|Any CPU.Build.0 = Release|Any CPU
	EndGlobalSection
	GlobalSection(SolutionProperties) = preSolution
		HideSolutionNode = FALSE
	EndGlobalSection
	GlobalSection(ExtensibilityGlobals) = postSolution
		SolutionGuid = {3EEBF49E-92BC-47C4-880C-FEEE946FF8D5}
	EndGlobalSection
EndGlobal
